
Microsoft Visual Studio Solution File, Format Version 12.00
# Visual Studio Version 16
VisualStudioVersion = 16.0.31321.278
MinimumVisualStudioVersion = 10.0.40219.1
Project("{FAE04EC0-301F-11D3-BF4B-00C04F79EFBC}") = "Task1", "Task1\Task1.csproj", "{D5286519-4E33-4865-BE9E-F8EC9AC9E6FB}"
EndProject
Project("{FAE04EC0-301F-11D3-BF4B-00C04F79EFBC}") = "Task2", "Task2\Task2.csproj", "{2D448F78-0517-4C7D-A640-B7FA813E415C}"
EndProject
Project("{FAE04EC0-301F-11D3-BF4B-00C04F79EFBC}") = "Task3", "Task3\Task3.csproj", "{8F814793-57DD-4560-9273-479EC936AA87}"
EndProject
Global
	GlobalSection(SolutionConfigurationPlatforms) = preSolution
		Debug|Any CPU = Debug|Any CPU
		Release|Any CPU = Release|Any CPU
	EndGlobalSection
	GlobalSection(ProjectConfigurationPlatforms) = postSolution
		{D5286519-4E33-4865-BE9E-F8EC9AC9E6FB}.Debug|Any CPU.ActiveCfg = Debug|Any CPU
		{D5286519-4E33-4865-BE9E-F8EC9AC9E6FB}.Debug|Any CPU.Build.0 = Debug|Any CPU
		{D5286519-4E33-4865-BE9E-F8EC9AC9E6FB}.Release|Any CPU.ActiveCfg = Release|Any CPU
		{D5286519-4E33-4865-BE9E-F8EC9AC9E6FB}.Release|Any CPU.Build.0 = Release|Any CPU
		{2D448F78-0517-4C7D-A640-B7FA813E415C}.Debug|Any CPU.ActiveCfg = Debug|Any CPU
		{2D448F78-0517-4C7D-A640-B7FA813E415C}.Debug|Any CPU.Build.0 = Debug|Any CPU
		{2D448F78-0517-4C7D-A640-B7FA813E415C}.Release|Any CPU.ActiveCfg = Release|Any CPU
		{2D448F78-0517-4C7D-A640-B7FA813E415C}.Release|Any CPU.Build.0 = Release|Any CPU
		{8F814793-57DD-4560-9273-479EC936AA87}.Debug|Any CPU.ActiveCfg = Debug|Any CPU
		{8F814793-57DD-4560-9273-479EC936AA87}.Debug|Any CPU.Build.0 = Debug|Any CPU
		{8F814793-57DD-4560-9273-479EC936AA87}.Release|Any CPU.ActiveCfg = Release|Any CPU
		{8F814793-57DD-4560-9273-479EC936AA87}.Release|Any CPU.Build.0 = Release|Any CPU
	EndGlobalSection
	GlobalSection(SolutionProperties) = preSolution
		HideSolutionNode = FALSE
	EndGlobalSection
	GlobalSection(ExtensibilityGlobals) = postSolution
		SolutionGuid = {E2D086B5-9F8D-446B-BC7C-F65CD5DE34D9}
	EndGlobalSection
EndGlobal
